// !$*UTF8*$!
{
	archiveVersion = 1;
	classes = {
	};
	objectVersion = 46;
	objects = {

/* Begin PBXBuildFile section */
		C16DE4E81BFE9D16005C199B /* AppDelegate.swift in Sources */ = {isa = PBXBuildFile; fileRef = C16DE4E71BFE9D16005C199B /* AppDelegate.swift */; };
		C16DE4EA1BFE9D16005C199B /* ViewController.swift in Sources */ = {isa = PBXBuildFile; fileRef = C16DE4E91BFE9D16005C199B /* ViewController.swift */; };
		C16DE4ED1BFE9D16005C199B /* Main.storyboard in Resources */ = {isa = PBXBuildFile; fileRef = C16DE4EB1BFE9D16005C199B /* Main.storyboard */; };
		C16DE4EF1BFE9D16005C199B /* Assets.xcassets in Resources */ = {isa = PBXBuildFile; fileRef = C16DE4EE1BFE9D16005C199B /* Assets.xcassets */; };
		C16DE4F21BFE9D16005C199B /* LaunchScreen.storyboard in Resources */ = {isa = PBXBuildFile; fileRef = C16DE4F01BFE9D16005C199B /* LaunchScreen.storyboard */; };
/* End PBXBuildFile section */

/* Begin PBXFileReference section */
		C16DE4E41BFE9D16005C199B /* HowToFish.app */ = {isa = PBXFileReference; explicitFileType = wrapper.application; includeInIndex = 0; path = HowToFish.app; sourceTree = BUILT_PRODUCTS_DIR; };
		C16DE4E71BFE9D16005C199B /* AppDelegate.swift */ = {isa = PBXFileReference; lastKnownFileType = sourcecode.swift; path = AppDelegate.swift; sourceTree = "<group>"; };
		C16DE4E91BFE9D16005C199B /* ViewController.swift */ = {isa = PBXFileReference; lastKnownFileType = sourcecode.swift; path = ViewController.swift; sourceTree = "<group>"; };
		C16DE4EC1BFE9D16005C199B /* Base */ = {isa = PBXFileReference; lastKnownFileType = file.storyboard; name = Base; path = Base.lproj/Main.storyboard; sourceTree = "<group>"; };
		C16DE4EE1BFE9D16005C199B /* Assets.xcassets */ = {isa = PBXFileReference; lastKnownFileType = folder.assetcatalog; path = Assets.xcassets; sourceTree = "<group>"; };
		C16DE4F11BFE9D16005C199B /* Base */ = {isa = PBXFileReference; lastKnownFileType = file.storyboard; name = Base; path = Base.lproj/LaunchScreen.storyboard; sourceTree = "<group>"; };
		C16DE4F31BFE9D16005C199B /* Info.plist */ = {isa = PBXFileReference; lastKnownFileType = text.plist.xml; path = Info.plist; sourceTree = "<group>"; };
/* End PBXFileReference section */

/* Begin PBXFrameworksBuildPhase section */
		C16DE4E11BFE9D16005C199B /* Frameworks */ = {
			isa = PBXFrameworksBuildPhase;
			buildActionMask = 2147483647;
			files = (
			);
			runOnlyForDeploymentPostprocessing = 0;
		};
/* End PBXFrameworksBuildPhase section */

/* Begin PBXGroup section */
		C16DE4DB1BFE9D16005C199B = {
			isa = PBXGroup;
			children = (
				C16DE4E61BFE9D16005C199B /* HowToFish */,
				C16DE4E51BFE9D16005C199B /* Products */,
			);
			sourceTree = "<group>";
		};
		C16DE4E51BFE9D16005C199B /* Products */ = {
			isa = PBXGroup;
			children = (
				C16DE4E41BFE9D16005C199B /* HowToFish.app */,
			);
			name = Products;
			sourceTree = "<group>";
		};
		C16DE4E61BFE9D16005C199B /* HowToFish */ = {
			isa = PBXGroup;
			children = (
				C16DE4E71BFE9D16005C199B /* AppDelegate.swift */,
				C16DE4E91BFE9D16005C199B /* ViewController.swift */,
				C16DE4EB1BFE9D16005C199B /* Main.storyboard */,
				C16DE4EE1BFE9D16005C199B /* Assets.xcassets */,
				C16DE4F01BFE9D16005C199B /* LaunchScreen.storyboard */,
				C16DE4F31BFE9D16005C199B /* Info.plist */,
			);
			path = HowToFish;
			sourceTree = "<group>";
		};
/* End PBXGroup section */

/* Begin PBXNativeTarget section */
		C16DE4E31BFE9D16005C199B /* HowToFish */ = {
			isa = PBXNativeTarget;
			buildConfigurationList = C16DE4F61BFE9D16005C199B /* Build configuration list for PBXNativeTarget "HowToFish" */;
			buildPhases = (
				C16DE4E01BFE9D16005C199B /* Sources */,
				C16DE4E11BFE9D16005C199B /* Frameworks */,
				C16DE4E21BFE9D16005C199B /* Resources */,
			);
			buildRules = (
			);
			dependencies = (
			);
			name = HowToFish;
			productName = HowToFish;
			productReference = C16DE4E41BFE9D16005C199B /* HowToFish.app */;
			productType = "com.apple.product-type.application";
		};
/* End PBXNativeTarget section */

/* Begin PBXProject section */
		C16DE4DC1BFE9D16005C199B /* Project object */ = {
			isa = PBXProject;
			attributes = {
				LastSwiftUpdateCheck = 0710;
				LastUpgradeCheck = 0710;
				ORGANIZATIONNAME = "Columbia Sportswear Company";
				TargetAttributes = {
					C16DE4E31BFE9D16005C199B = {
						CreatedOnToolsVersion = 7.1.1;
					};
				};
			};
			buildConfigurationList = C16DE4DF1BFE9D16005C199B /* Build configuration list for PBXProject "HowToFish" */;
			compatibilityVersion = "Xcode 3.2";
			developmentRegion = English;
			hasScannedForEncodings = 0;
			knownRegions = (
				en,
				Base,
			);
			mainGroup = C16DE4DB1BFE9D16005C199B;
			productRefGroup = C16DE4E51BFE9D16005C199B /* Products */;
			projectDirPath = "";
			projectRoot = "";
			targets = (
				C16DE4E31BFE9D16005C199B /* HowToFish */,
			);
		};
/* End PBXProject section */

/* Begin PBXResourcesBuildPhase section */
		C16DE4E21BFE9D16005C199B /* Resources */ = {
			isa = PBXResourcesBuildPhase;
			buildActionMask = 2147483647;
			files = (
				C16DE4F21BFE9D16005C199B /* LaunchScreen.storyboard in Resources */,
				C16DE4EF1BFE9D16005C199B /* Assets.xcassets in Resources */,
				C16DE4ED1BFE9D16005C199B /* Main.storyboard in Resources */,
			);
			runOnlyForDeploymentPostprocessing = 0;
		};
/* End PBXResourcesBuildPhase section */

/* Begin PBXSourcesBuildPhase section */
		C16DE4E01BFE9D16005C199B /* Sources */ = {
			isa = PBXSourcesBuildPhase;
			buildActionMask = 2147483647;
			files = (
				C16DE4EA1BFE9D16005C199B /* ViewController.swift in Sources */,
				C16DE4E81BFE9D16005C199B /* AppDelegate.swift in Sources */,
			);
			runOnlyForDeploymentPostprocessing = 0;
		};
/* End PBXSourcesBuildPhase section */

/* Begin PBXVariantGroup section */
		C16DE4EB1BFE9D16005C199B /* Main.storyboard */ = {
			isa = PBXVariantGroup;
			children = (
				C16DE4EC1BFE9D16005C199B /* Base */,
			);
			name = Main.storyboard;
			sourceTree = "<group>";
		};
		C16DE4F01BFE9D16005C199B /* LaunchScreen.storyboard */ = {
			isa = PBXVariantGroup;
			children = (
				C16DE4F11BFE9D16005C199B /* Base */,
			);
			name = LaunchScreen.storyboard;
			sourceTree = "<group>";
		};
/* End PBXVariantGroup section */

/* Begin XCBuildConfiguration section */
		C16DE4F41BFE9D16005C199B /* Debug */ = {
			isa = XCBuildConfiguration;
			buildSettings = {
				ALWAYS_SEARCH_USER_PATHS = NO;
				CLANG_CXX_LANGUAGE_STANDARD = "gnu++0x";
				CLANG_CXX_LIBRARY = "libc++";
				CLANG_ENABLE_MODULES = YES;
				CLANG_ENABLE_OBJC_ARC = YES;
				CLANG_WARN_BOOL_CONVERSION = YES;
				CLANG_WARN_CONSTANT_CONVERSION = YES;
				CLANG_WARN_DIRECT_OBJC_ISA_USAGE = YES_ERROR;
				CLANG_WARN_EMPTY_BODY = YES;
				CLANG_WARN_ENUM_CONVERSION = YES;
				CLANG_WARN_INT_CONVERSION = YES;
				CLANG_WARN_OBJC_ROOT_CLASS = YES_ERROR;
				CLANG_WARN_UNREACHABLE_CODE = YES;
				CLANG_WARN__DUPLICATE_METHOD_MATCH = YES;
				"CODE_SIGN_IDENTITY[sdk=iphoneos*]" = "iPhone Developer";
				COPY_PHASE_STRIP = NO;
				DEBUG_INFORMATION_FORMAT = dwarf;
				ENABLE_STRICT_OBJC_MSGSEND = YES;
				ENABLE_TESTABILITY = YES;
				GCC_C_LANGUAGE_STANDARD = gnu99;
				GCC_DYNAMIC_NO_PIC = NO;
				GCC_NO_COMMON_BLOCKS = YES;
				GCC_OPTIMIZATION_LEVEL = 0;
				GCC_PREPROCESSOR_DEFINITIONS = (
					"DEBUG=1",
					"$(inherited)",
				);
				GCC_WARN_64_TO_32_BIT_CONVERSION = YES;
				GCC_WARN_ABOUT_RETURN_TYPE = YES_ERROR;
				GCC_WARN_UNDECLARED_SELECTOR = YES;
				GCC_WARN_UNINITIALIZED_AUTOS = YES_AGGRESSIVE;
				GCC_WARN_UNUSED_FUNCTION = YES;
				GCC_WARN_UNUSED_VARIABLE = YES;
				IPHONEOS_DEPLOYMENT_TARGET = 9.1;
				MTL_ENABLE_DEBUG_INFO = YES;
				ONLY_ACTIVE_ARCH = YES;
				SDKROOT = iphoneos;
				SWIFT_OPTIMIZATION_LEVEL = "-Onone";
				TARGETED_DEVICE_FAMILY = "1,2";
			};
			name = Debug;
		};
		C16DE4F51BFE9D16005C199B /* Release */ = {
			isa = XCBuildConfiguration;
			buildSettings = {
				ALWAYS_SEARCH_USER_PATHS = NO;
				CLANG_CXX_LANGUAGE_STANDARD = "gnu++0x";
				CLANG_CXX_LIBRARY = "libc++";
				CLANG_ENABLE_MODULES = YES;
				CLANG_ENABLE_OBJC_ARC = YES;
				CLANG_WARN_BOOL_CONVERSION = YES;
				CLANG_WARN_CONSTANT_CONVERSION = YES;
				CLANG_WARN_DIRECT_OBJC_ISA_USAGE = YES_ERROR;
				CLANG_WARN_EMPTY_BODY = YES;
				CLANG_WARN_ENUM_CONVERSION = YES;
				CLANG_WARN_INT_CONVERSION = YES;
				CLANG_WARN_OBJC_ROOT_CLASS = YES_ERROR;
				CLANG_WARN_UNREACHABLE_CODE = YES;
				CLANG_WARN__DUPLICATE_METHOD_MATCH = YES;
				"CODE_SIGN_IDENTITY[sdk=iphoneos*]" = "iPhone Developer";
				COPY_PHASE_STRIP = NO;
				DEBUG_INFORMATION_FORMAT = "dwarf-with-dsym";
				ENABLE_NS_ASSERTIONS = NO;
				ENABLE_STRICT_OBJC_MSGSEND = YES;
				GCC_C_LANGUAGE_STANDARD = gnu99;
				GCC_NO_COMMON_BLOCKS = YES;
				GCC_WARN_64_TO_32_BIT_CONVERSION = YES;
				GCC_WARN_ABOUT_RETURN_TYPE = YES_ERROR;
				GCC_WARN_UNDECLARED_SELECTOR = YES;
				GCC_WARN_UNINITIALIZED_AUTOS = YES_AGGRESSIVE;
				GCC_WARN_UNUSED_FUNCTION = YES;
				GCC_WARN_UNUSED_VARIABLE = YES;
				IPHONEOS_DEPLOYMENT_TARGET = 9.1;
				MTL_ENABLE_DEBUG_INFO = NO;
				SDKROOT = iphoneos;
				TARGETED_DEVICE_FAMILY = "1,2";
				VALIDATE_PRODUCT = YES;
			};
			name = Release;
		};
		C16DE4F71BFE9D16005C199B /* Debug */ = {
			isa = XCBuildConfiguration;
			buildSettings = {
				ASSETCATALOG_COMPILER_APPICON_NAME = AppIcon;
				INFOPLIST_FILE = HowToFish/Info.plist;
				LD_RUNPATH_SEARCH_PATHS = "$(inherited) @executable_path/Frameworks";
				PRODUCT_BUNDLE_IDENTIFIER = com.columbia.HowToFish;
				PRODUCT_NAME = "$(TARGET_NAME)";
			};
			name = Debug;
		};
		C16DE4F81BFE9D16005C199B /* Release */ = {
			isa = XCBuildConfiguration;
			buildSettings = {
				ASSETCATALOG_COMPILER_APPICON_NAME = AppIcon;
				INFOPLIST_FILE = HowToFish/Info.plist;
				LD_RUNPATH_SEARCH_PATHS = "$(inherited) @executable_path/Frameworks";
				PRODUCT_BUNDLE_IDENTIFIER = com.columbia.HowToFish;
				PRODUCT_NAME = "$(TARGET_NAME)";
			};
			name = Release;
		};
/* End XCBuildConfiguration section */

/* Begin XCConfigurationList section */
		C16DE4DF1BFE9D16005C199B /* Build configuration list for PBXProject "HowToFish" */ = {
			isa = XCConfigurationList;
			buildConfigurations = (
				C16DE4F41BFE9D16005C199B /* Debug */,
				C16DE4F51BFE9D16005C199B /* Release */,
			);
			defaultConfigurationIsVisible = 0;
			defaultConfigurationName = Release;
		};
		C16DE4F61BFE9D16005C199B /* Build configuration list for PBXNativeTarget "HowToFish" */ = {
			isa = XCConfigurationList;
			buildConfigurations = (
				C16DE4F71BFE9D16005C199B /* Debug */,
				C16DE4F81BFE9D16005C199B /* Release */,
			);
			defaultConfigurationIsVisible = 0;
		};
/* End XCConfigurationList section */
	};
	rootObject = C16DE4DC1BFE9D16005C199B /* Project object */;
}
